// !$*UTF8*$!
{
	archiveVersion = 1;
	classes = {
	};
	objectVersion = 77;
	objects = {

/* Begin PBXBuildFile section */
		913A509A2F76F2C9002B9AC4 /* InfoPlist.strings in Resources */ = {isa = PBXBuildFile; fileRef = 913A50982F76F2C9002B9AC4 /* InfoPlist.strings */; };
		916C6E512F76301C003BD028 /* Assets.xcassets in Resources */ = {isa = PBXBuildFile; fileRef = 916C6E4D2F76301C003BD028 /* Assets.xcassets */; };
		916C6E532F76301C003BD028 /* IOSTemplateApp.swift in Sources */ = {isa = PBXBuildFile; fileRef = 916C6E4F2F76301C003BD028 /* IOSTemplateApp.swift */; };
		916C6E592F76308F003BD028 /* ComposableArchitecture in Frameworks */ = {isa = PBXBuildFile; productRef = 916C6E582F76308F003BD028 /* ComposableArchitecture */; };
		919A88C32F77F22B006E1A7C /* AppDelegate.swift in Sources */ = {isa = PBXBuildFile; fileRef = 919A88C22F77F22B006E1A7C /* AppDelegate.swift */; };
		91D3CC222F76745100AF6263 /* Localizable.strings in Resources */ = {isa = PBXBuildFile; fileRef = 91D3CC202F76745100AF6263 /* Localizable.strings */; };
		91D3CC252F76746300AF6263 /* Constant.strings in Resources */ = {isa = PBXBuildFile; fileRef = 91D3CC232F76746300AF6263 /* Constant.strings */; };
		91D3CC292F76759000AF6263 /* Launch Screen.storyboard in Resources */ = {isa = PBXBuildFile; fileRef = 91D3CC282F76759000AF6263 /* Launch Screen.storyboard */; };
		91D3CC322F76776300AF6263 /* R.generated.swift in Sources */ = {isa = PBXBuildFile; fileRef = 91D3CC312F76776300AF6263 /* R.generated.swift */; };
		C7B2799A6D50221690391D7D /* Pods_IOSTemplate.framework in Frameworks */ = {isa = PBXBuildFile; fileRef = BDC453E259143F37B39C30FA /* Pods_IOSTemplate.framework */; };
/* End PBXBuildFile section */

/* Begin PBXFileReference section */
		33D4EB592376BACBE5C3364F /* Pods-IOSTemplate.debug.xcconfig */ = {isa = PBXFileReference; includeInIndex = 1; lastKnownFileType = text.xcconfig; name = "Pods-IOSTemplate.debug.xcconfig"; path = "Target Support Files/Pods-IOSTemplate/Pods-IOSTemplate.debug.xcconfig"; sourceTree = "<group>"; };
		913A50852F76EF87002B9AC4 /* IOSTemplate.entitlements */ = {isa = PBXFileReference; lastKnownFileType = text.plist.entitlements; path = IOSTemplate.entitlements; sourceTree = "<group>"; };
		913A50862F76EFBE002B9AC4 /* Info.plist */ = {isa = PBXFileReference; lastKnownFileType = text.plist.xml; path = Info.plist; sourceTree = "<group>"; };
		913A50992F76F2C9002B9AC4 /* en */ = {isa = PBXFileReference; lastKnownFileType = text.plist.strings; name = en; path = en.lproj/InfoPlist.strings; sourceTree = "<group>"; };
		913A509B2F76F410002B9AC4 /* zh-Hans */ = {isa = PBXFileReference; lastKnownFileType = text.plist.strings; name = "zh-Hans"; path = "zh-Hans.lproj/InfoPlist.strings"; sourceTree = "<group>"; };
		916C6E372F762F74003BD028 /* IOSTemplate.app */ = {isa = PBXFileReference; explicitFileType = wrapper.application; includeInIndex = 0; path = IOSTemplate.app; sourceTree = BUILT_PRODUCTS_DIR; };
		916C6E4D2F76301C003BD028 /* Assets.xcassets */ = {isa = PBXFileReference; lastKnownFileType = folder.assetcatalog; path = Assets.xcassets; sourceTree = "<group>"; };
		916C6E4F2F76301C003BD028 /* IOSTemplateApp.swift */ = {isa = PBXFileReference; lastKnownFileType = sourcecode.swift; path = IOSTemplateApp.swift; sourceTree = "<group>"; };
		918839002F7679FD002E2F95 /* IOSTemplate-Bridging-Header.h */ = {isa = PBXFileReference; lastKnownFileType = sourcecode.c.h; path = "IOSTemplate-Bridging-Header.h"; sourceTree = "<group>"; };
		919A88C22F77F22B006E1A7C /* AppDelegate.swift */ = {isa = PBXFileReference; lastKnownFileType = sourcecode.swift; path = AppDelegate.swift; sourceTree = "<group>"; };
		91D3CC212F76745100AF6263 /* en */ = {isa = PBXFileReference; lastKnownFileType = text.plist.strings; name = en; path = en.lproj/Localizable.strings; sourceTree = "<group>"; };
		91D3CC242F76746300AF6263 /* en */ = {isa = PBXFileReference; lastKnownFileType = text.plist.strings; name = en; path = en.lproj/Constant.strings; sourceTree = "<group>"; };
		91D3CC262F76748100AF6263 /* zh-Hans */ = {isa = PBXFileReference; lastKnownFileType = text.plist.strings; name = "zh-Hans"; path = "zh-Hans.lproj/Localizable.strings"; sourceTree = "<group>"; };
		91D3CC272F76759000AF6263 /* Base */ = {isa = PBXFileReference; lastKnownFileType = file.storyboard; name = Base; path = "Base.lproj/Launch Screen.storyboard"; sourceTree = "<group>"; };
		91D3CC2A2F76759000AF6263 /* mul */ = {isa = PBXFileReference; lastKnownFileType = text.json.xcstrings; name = mul; path = "mul.lproj/Launch Screen.xcstrings"; sourceTree = "<group>"; };
		91D3CC2D2F76766C00AF6263 /* .swiftlint.yml */ = {isa = PBXFileReference; lastKnownFileType = text.yaml; path = .swiftlint.yml; sourceTree = SOURCE_ROOT; };
		91D3CC312F76776300AF6263 /* R.generated.swift */ = {isa = PBXFileReference; lastKnownFileType = sourcecode.swift; path = R.generated.swift; sourceTree = "<group>"; };
		9E229347FF0DEE1D196F7DD4 /* Pods-IOSTemplate.release.xcconfig */ = {isa = PBXFileReference; includeInIndex = 1; lastKnownFileType = text.xcconfig; name = "Pods-IOSTemplate.release.xcconfig"; path = "Target Support Files/Pods-IOSTemplate/Pods-IOSTemplate.release.xcconfig"; sourceTree = "<group>"; };
		BDC453E259143F37B39C30FA /* Pods_IOSTemplate.framework */ = {isa = PBXFileReference; explicitFileType = wrapper.framework; includeInIndex = 0; path = Pods_IOSTemplate.framework; sourceTree = BUILT_PRODUCTS_DIR; };
/* End PBXFileReference section */

/* Begin PBXFileSystemSynchronizedBuildFileExceptionSet section */
		911DE8B62F76F96800CAFAF1 /* Exceptions for "Component" folder in "IOSTemplate" target */ = {
			isa = PBXFileSystemSynchronizedBuildFileExceptionSet;
			membershipExceptions = (
				Client/ClipboardClient.swift,
				Client/PlatformClient.swift,
				"Extension/Appearance+Ex.swift",
				"Extension/ColorTheme+Ex.swift",
				"Extension/HiNav+Ex.swift",
				"Extension/ImageResource+Ex.swift",
				"Extension/Library+Ex.swift",
				"Extension/Localization+Ex.swift",
				"Extension/Module+Ex.swift",
				"Extension/PageType+Ex.swift",
				"Extension/Parameter+Ex.swift",
				"Extension/Preference+Ex.swift",
				"Extension/Repo+Ex.swift",
				"Extension/Runtime+Ex.swift",
				"Extension/SharedKey+Ex.swift",
				"Extension/String+Ex.swift",
				"Extension/StringResource+Ex.swift",
				"Extension/UIApplication+Ex.swift",
				"Extension/User+Ex.swift",
				"Extension/View+Ex.swift",
				Foundation/AppEvent.swift,
				Foundation/Constant.swift,
				Foundation/DataType.swift,
				Foundation/Error.swift,
				Foundation/Function.swift,
				Manager/LocationManager.swift,
				Manager/PopupManager.swift,
				Manager/PrivacyService.swift,
				Manager/ShareManager.swift,
				ObjC/OCHelper.m,
				Provider/AliyunProvider.swift,
				Provider/UMengProvider.swift,
				Sharing/RealmStorage.swift,
				Sharing/RealmStorageKey.swift,
			);
			target = 916C6E362F762F74003BD028 /* IOSTemplate */;
		};
		911DE8BC2F76FA1800CAFAF1 /* Exceptions for "Module" folder in "IOSTemplate" target */ = {
			isa = PBXFileSystemSynchronizedBuildFileExceptionSet;
			membershipExceptions = (
				Cell/AboutLogoCell.swift,
				Cell/NewsCell.swift,
				Reducer/AboutReducer.swift,
				Reducer/AppDelegateReducer.swift,
				Reducer/AppLockReducer.swift,
				Reducer/AppReducer.swift,
				Reducer/AppRouteReducer.swift,
				Reducer/FaveReducer.swift,
				Reducer/HomeReducer.swift,
				Reducer/ListReducer.swift,
				Reducer/LoginReducer.swift,
				Reducer/MigrationReducer.swift,
				Reducer/MineReducer.swift,
				Reducer/ShopReducer.swift,
				Reducer/TabBarReducer.swift,
				Reducer/WebReducer.swift,
				Screen/AboutScreen.swift,
				Screen/FaveScreen.swift,
				Screen/HomeScreen.swift,
				Screen/LoginScreen.swift,
				Screen/MigrationScreen.swift,
				Screen/MineScreen.swift,
				Screen/ShopScreen.swift,
				Screen/TabBarScreen.swift,
				Screen/WebScreen.swift,
				View/MineParallaxView.swift,
				View/MineUserinfoView.swift,
			);
			target = 916C6E362F762F74003BD028 /* IOSTemplate */;
		};
		915283462F789AB8007C560B /* Exceptions for "Resource" folder in "IOSTemplate" target */ = {
			isa = PBXFileSystemSynchronizedBuildFileExceptionSet;
			membershipExceptions = (
				realm/RealmTemplateV0Export.swift,
				"realm/seed-v0.realm",
			);
			target = 916C6E362F762F74003BD028 /* IOSTemplate */;
		};
/* End PBXFileSystemSynchronizedBuildFileExceptionSet section */

/* Begin PBXFileSystemSynchronizedRootGroup section */
		911DE8AE2F76F96400CAFAF1 /* Resource */ = {
			isa = PBXFileSystemSynchronizedRootGroup;
			exceptions = (
				915283462F789AB8007C560B /* Exceptions for "Resource" folder in "IOSTemplate" target */,
			);
			path = Resource;
			sourceTree = "<group>";
		};
		911DE8B02F76F96600CAFAF1 /* Module */ = {
			isa = PBXFileSystemSynchronizedRootGroup;
			exceptions = (
				911DE8BC2F76FA1800CAFAF1 /* Exceptions for "Module" folder in "IOSTemplate" target */,
			);
			path = Module;
			sourceTree = "<group>";
		};
		911DE8B42F76F96800CAFAF1 /* Component */ = {
			isa = PBXFileSystemSynchronizedRootGroup;
			exceptions = (
				911DE8B62F76F96800CAFAF1 /* Exceptions for "Component" folder in "IOSTemplate" target */,
			);
			path = Component;
			sourceTree = "<group>";
		};
/* End PBXFileSystemSynchronizedRootGroup section */

/* Begin PBXFrameworksBuildPhase section */
		916C6E342F762F74003BD028 /* Frameworks */ = {
			isa = PBXFrameworksBuildPhase;
			buildActionMask = 2147483647;
			files = (
				916C6E592F76308F003BD028 /* ComposableArchitecture in Frameworks */,
				C7B2799A6D50221690391D7D /* Pods_IOSTemplate.framework in Frameworks */,
			);
			runOnlyForDeploymentPostprocessing = 0;
		};
/* End PBXFrameworksBuildPhase section */

/* Begin PBXGroup section */
		88B0DFD7ECB9967BD6E16636 /* Pods */ = {
			isa = PBXGroup;
			children = (
				33D4EB592376BACBE5C3364F /* Pods-IOSTemplate.debug.xcconfig */,
				9E229347FF0DEE1D196F7DD4 /* Pods-IOSTemplate.release.xcconfig */,
			);
			path = Pods;
			sourceTree = "<group>";
		};
		916C6E2E2F762F74003BD028 = {
			isa = PBXGroup;
			children = (
				916C6E502F76301C003BD028 /* IOSTemplate */,
				916C6E382F762F74003BD028 /* Products */,
				88B0DFD7ECB9967BD6E16636 /* Pods */,
				F7198CA9A5C827C045627E8A /* Frameworks */,
			);
			sourceTree = "<group>";
		};
		916C6E382F762F74003BD028 /* Products */ = {
			isa = PBXGroup;
			children = (
				916C6E372F762F74003BD028 /* IOSTemplate.app */,
			);
			name = Products;
			sourceTree = "<group>";
		};
		916C6E4C2F76301C003BD028 /* App */ = {
			isa = PBXGroup;
			children = (
				916C6E4D2F76301C003BD028 /* Assets.xcassets */,
				916C6E4F2F76301C003BD028 /* IOSTemplateApp.swift */,
				91D3CC282F76759000AF6263 /* Launch Screen.storyboard */,
				91D3CC202F76745100AF6263 /* Localizable.strings */,
				91D3CC232F76746300AF6263 /* Constant.strings */,
				91D3CC2D2F76766C00AF6263 /* .swiftlint.yml */,
				91D3CC312F76776300AF6263 /* R.generated.swift */,
				918839002F7679FD002E2F95 /* IOSTemplate-Bridging-Header.h */,
				913A50862F76EFBE002B9AC4 /* Info.plist */,
				913A50852F76EF87002B9AC4 /* IOSTemplate.entitlements */,
				913A50982F76F2C9002B9AC4 /* InfoPlist.strings */,
				919A88C22F77F22B006E1A7C /* AppDelegate.swift */,
			);
			name = App;
			sourceTree = "<group>";
		};
		916C6E502F76301C003BD028 /* IOSTemplate */ = {
			isa = PBXGroup;
			children = (
				911DE8AE2F76F96400CAFAF1 /* Resource */,
				911DE8B02F76F96600CAFAF1 /* Module */,
				911DE8B42F76F96800CAFAF1 /* Component */,
				916C6E4C2F76301C003BD028 /* App */,
			);
			path = IOSTemplate;
			sourceTree = "<group>";
		};
		F7198CA9A5C827C045627E8A /* Frameworks */ = {
			isa = PBXGroup;
			children = (
				BDC453E259143F37B39C30FA /* Pods_IOSTemplate.framework */,
			);
			name = Frameworks;
			sourceTree = "<group>";
		};
/* End PBXGroup section */

/* Begin PBXNativeTarget section */
		916C6E362F762F74003BD028 /* IOSTemplate */ = {
			isa = PBXNativeTarget;
			buildConfigurationList = 916C6E422F762F76003BD028 /* Build configuration list for PBXNativeTarget "IOSTemplate" */;
			buildPhases = (
				B13893EAAA8A12B07B10CFDD /* [CP] Check Pods Manifest.lock */,
				91D3CC2B2F7675D900AF6263 /* R.swift */,
				91D3CC2C2F76762E00AF6263 /* SwiftLint */,
				916C6E332F762F74003BD028 /* Sources */,
				916C6E342F762F74003BD028 /* Frameworks */,
				916C6E352F762F74003BD028 /* Resources */,
				A9CF28DC21EDE08C948A6BAB /* [CP] Embed Pods Frameworks */,
			);
			buildRules = (
			);
			dependencies = (
			);
			name = IOSTemplate;
			packageProductDependencies = (
				916C6E582F76308F003BD028 /* ComposableArchitecture */,
			);
			productName = IOSTemplate;
			productReference = 916C6E372F762F74003BD028 /* IOSTemplate.app */;
			productType = "com.apple.product-type.application";
		};
/* End PBXNativeTarget section */

/* Begin PBXProject section */
		916C6E2F2F762F74003BD028 /* Project object */ = {
			isa = PBXProject;
			attributes = {
				BuildIndependentTargetsInParallel = 1;
				LastSwiftUpdateCheck = 2630;
				LastUpgradeCheck = 2630;
				TargetAttributes = {
					916C6E362F762F74003BD028 = {
						CreatedOnToolsVersion = 26.3;
					};
				};
			};
			buildConfigurationList = 916C6E322F762F74003BD028 /* Build configuration list for PBXProject "IOSTemplate" */;
			developmentRegion = en;
			hasScannedForEncodings = 0;
			knownRegions = (
				en,
				Base,
				"zh-Hans",
			);
			mainGroup = 916C6E2E2F762F74003BD028;
			minimizedProjectReferenceProxies = 1;
			packageReferences = (
				916C6E572F76308F003BD028 /* XCRemoteSwiftPackageReference "swift-composable-architecture" */,
			);
			preferredProjectObjectVersion = 77;
			productRefGroup = 916C6E382F762F74003BD028 /* Products */;
			projectDirPath = "";
			projectRoot = "";
			targets = (
				916C6E362F762F74003BD028 /* IOSTemplate */,
			);
		};
/* End PBXProject section */

/* Begin PBXResourcesBuildPhase section */
		916C6E352F762F74003BD028 /* Resources */ = {
			isa = PBXResourcesBuildPhase;
			buildActionMask = 2147483647;
			files = (
				91D3CC292F76759000AF6263 /* Launch Screen.storyboard in Resources */,
				91D3CC222F76745100AF6263 /* Localizable.strings in Resources */,
				91D3CC252F76746300AF6263 /* Constant.strings in Resources */,
				916C6E512F76301C003BD028 /* Assets.xcassets in Resources */,
				913A509A2F76F2C9002B9AC4 /* InfoPlist.strings in Resources */,
			);
			runOnlyForDeploymentPostprocessing = 0;
		};
/* End PBXResourcesBuildPhase section */

/* Begin PBXShellScriptBuildPhase section */
		91D3CC2B2F7675D900AF6263 /* R.swift */ = {
			isa = PBXShellScriptBuildPhase;
			alwaysOutOfDate = 1;
			buildActionMask = 2147483647;
			files = (
			);
			inputFileListPaths = (
			);
			inputPaths = (
			);
			name = R.swift;
			outputFileListPaths = (
			);
			outputPaths = (
				$SRCROOT/IOSTemplate/R.generated.swift,
			);
			runOnlyForDeploymentPostprocessing = 0;
			shellPath = /bin/sh;
			shellScript = "\"$PODS_ROOT/R.swift/rswift\" generate \"$SRCROOT/IOSTemplate/R.generated.swift\"\n";
		};
		91D3CC2C2F76762E00AF6263 /* SwiftLint */ = {
			isa = PBXShellScriptBuildPhase;
			alwaysOutOfDate = 1;
			buildActionMask = 2147483647;
			files = (
			);
			inputFileListPaths = (
			);
			inputPaths = (
			);
			name = SwiftLint;
			outputFileListPaths = (
			);
			outputPaths = (
			);
			runOnlyForDeploymentPostprocessing = 0;
			shellPath = /bin/sh;
			shellScript = "if test -d \"/opt/homebrew/bin/\"; then\n  PATH=\"/opt/homebrew/bin/:${PATH}\"\nfi\n\nexport PATH\n\nif which swiftlint >/dev/null; then\n  swiftlint\nelse\n  echo \"warning: SwiftLint not installed, download from https://github.com/realm/SwiftLint\"\nfi\n";
		};
		A9CF28DC21EDE08C948A6BAB /* [CP] Embed Pods Frameworks */ = {
			isa = PBXShellScriptBuildPhase;
			buildActionMask = 2147483647;
			files = (
			);
			inputFileListPaths = (
				"${PODS_ROOT}/Target Support Files/Pods-IOSTemplate/Pods-IOSTemplate-frameworks-${CONFIGURATION}-input-files.xcfilelist",
			);
			inputPaths = (
			);
			name = "[CP] Embed Pods Frameworks";
			outputFileListPaths = (
				"${PODS_ROOT}/Target Support Files/Pods-IOSTemplate/Pods-IOSTemplate-frameworks-${CONFIGURATION}-output-files.xcfilelist",
			);
			outputPaths = (
			);
			runOnlyForDeploymentPostprocessing = 0;
			shellPath = /bin/sh;
			shellScript = "\"${PODS_ROOT}/Target Support Files/Pods-IOSTemplate/Pods-IOSTemplate-frameworks.sh\"\n";
			showEnvVarsInLog = 0;
		};
		B13893EAAA8A12B07B10CFDD /* [CP] Check Pods Manifest.lock */ = {
			isa = PBXShellScriptBuildPhase;
			buildActionMask = 2147483647;
			files = (
			);
			inputFileListPaths = (
			);
			inputPaths = (
				"${PODS_PODFILE_DIR_PATH}/Podfile.lock",
				"${PODS_ROOT}/Manifest.lock",
			);
			name = "[CP] Check Pods Manifest.lock";
			outputFileListPaths = (
			);
			outputPaths = (
				"$(DERIVED_FILE_DIR)/Pods-IOSTemplate-checkManifestLockResult.txt",
			);
			runOnlyForDeploymentPostprocessing = 0;
			shellPath = /bin/sh;
			shellScript = "diff \"${PODS_PODFILE_DIR_PATH}/Podfile.lock\" \"${PODS_ROOT}/Manifest.lock\" > /dev/null\nif [ $? != 0 ] ; then\n    # print error to STDERR\n    echo \"error: The sandbox is not in sync with the Podfile.lock. Run 'pod install' or update your CocoaPods installation.\" >&2\n    exit 1\nfi\n# This output is used by Xcode 'outputs' to avoid re-running this script phase.\necho \"SUCCESS\" > \"${SCRIPT_OUTPUT_FILE_0}\"\n";
			showEnvVarsInLog = 0;
		};
/* End PBXShellScriptBuildPhase section */

/* Begin PBXSourcesBuildPhase section */
		916C6E332F762F74003BD028 /* Sources */ = {
			isa = PBXSourcesBuildPhase;
			buildActionMask = 2147483647;
			files = (
				916C6E532F76301C003BD028 /* IOSTemplateApp.swift in Sources */,
				91D3CC322F76776300AF6263 /* R.generated.swift in Sources */,
				919A88C32F77F22B006E1A7C /* AppDelegate.swift in Sources */,
			);
			runOnlyForDeploymentPostprocessing = 0;
		};
/* End PBXSourcesBuildPhase section */

/* Begin PBXVariantGroup section */
		913A50982F76F2C9002B9AC4 /* InfoPlist.strings */ = {
			isa = PBXVariantGroup;
			children = (
				913A50992F76F2C9002B9AC4 /* en */,
				913A509B2F76F410002B9AC4 /* zh-Hans */,
			);
			name = InfoPlist.strings;
			sourceTree = "<group>";
		};
		91D3CC202F76745100AF6263 /* Localizable.strings */ = {
			isa = PBXVariantGroup;
			children = (
				91D3CC212F76745100AF6263 /* en */,
				91D3CC262F76748100AF6263 /* zh-Hans */,
			);
			name = Localizable.strings;
			sourceTree = "<group>";
		};
		91D3CC232F76746300AF6263 /* Constant.strings */ = {
			isa = PBXVariantGroup;
			children = (
				91D3CC242F76746300AF6263 /* en */,
			);
			name = Constant.strings;
			sourceTree = "<group>";
		};
		91D3CC282F76759000AF6263 /* Launch Screen.storyboard */ = {
			isa = PBXVariantGroup;
			children = (
				91D3CC272F76759000AF6263 /* Base */,
				91D3CC2A2F76759000AF6263 /* mul */,
			);
			name = "Launch Screen.storyboard";
			sourceTree = "<group>";
		};
/* End PBXVariantGroup section */

/* Begin XCBuildConfiguration section */
		916C6E402F762F76003BD028 /* Debug */ = {
			isa = XCBuildConfiguration;
			buildSettings = {
				ALWAYS_SEARCH_USER_PATHS = NO;
				ASSETCATALOG_COMPILER_GENERATE_SWIFT_ASSET_SYMBOL_EXTENSIONS = YES;
				CLANG_ANALYZER_LOCALIZABILITY_NONLOCALIZED = YES;
				CLANG_ANALYZER_NONNULL = YES;
				CLANG_ANALYZER_NUMBER_OBJECT_CONVERSION = YES_AGGRESSIVE;
				CLANG_CXX_LANGUAGE_STANDARD = "gnu++20";
				CLANG_ENABLE_MODULES = YES;
				CLANG_ENABLE_OBJC_ARC = YES;
				CLANG_ENABLE_OBJC_WEAK = YES;
				CLANG_WARN_BLOCK_CAPTURE_AUTORELEASING = YES;
				CLANG_WARN_BOOL_CONVERSION = YES;
				CLANG_WARN_COMMA = YES;
				CLANG_WARN_CONSTANT_CONVERSION = YES;
				CLANG_WARN_DEPRECATED_OBJC_IMPLEMENTATIONS = YES;
				CLANG_WARN_DIRECT_OBJC_ISA_USAGE = YES_ERROR;
				CLANG_WARN_DOCUMENTATION_COMMENTS = YES;
				CLANG_WARN_EMPTY_BODY = YES;
				CLANG_WARN_ENUM_CONVERSION = YES;
				CLANG_WARN_INFINITE_RECURSION = YES;
				CLANG_WARN_INT_CONVERSION = YES;
				CLANG_WARN_NON_LITERAL_NULL_CONVERSION = YES;
				CLANG_WARN_OBJC_IMPLICIT_RETAIN_SELF = YES;
				CLANG_WARN_OBJC_LITERAL_CONVERSION = YES;
				CLANG_WARN_OBJC_ROOT_CLASS = YES_ERROR;
				CLANG_WARN_QUOTED_INCLUDE_IN_FRAMEWORK_HEADER = YES;
				CLANG_WARN_RANGE_LOOP_ANALYSIS = YES;
				CLANG_WARN_STRICT_PROTOTYPES = YES;
				CLANG_WARN_SUSPICIOUS_MOVE = YES;
				CLANG_WARN_UNGUARDED_AVAILABILITY = YES_AGGRESSIVE;
				CLANG_WARN_UNREACHABLE_CODE = YES;
				CLANG_WARN__DUPLICATE_METHOD_MATCH = YES;
				COPY_PHASE_STRIP = NO;
				DEBUG_INFORMATION_FORMAT = dwarf;
				DEVELOPMENT_TEAM = WDE622528T;
				ENABLE_STRICT_OBJC_MSGSEND = YES;
				ENABLE_TESTABILITY = YES;
				ENABLE_USER_SCRIPT_SANDBOXING = YES;
				GCC_C_LANGUAGE_STANDARD = gnu17;
				GCC_DYNAMIC_NO_PIC = NO;
				GCC_NO_COMMON_BLOCKS = YES;
				GCC_OPTIMIZATION_LEVEL = 0;
				GCC_PREPROCESSOR_DEFINITIONS = (
					"DEBUG=1",
					"$(inherited)",
				);
				GCC_WARN_64_TO_32_BIT_CONVERSION = YES;
				GCC_WARN_ABOUT_RETURN_TYPE = YES_ERROR;
				GCC_WARN_UNDECLARED_SELECTOR = YES;
				GCC_WARN_UNINITIALIZED_AUTOS = YES_AGGRESSIVE;
				GCC_WARN_UNUSED_FUNCTION = YES;
				GCC_WARN_UNUSED_VARIABLE = YES;
				IPHONEOS_DEPLOYMENT_TARGET = 26.2;
				LOCALIZATION_PREFERS_STRING_CATALOGS = YES;
				MTL_ENABLE_DEBUG_INFO = INCLUDE_SOURCE;
				MTL_FAST_MATH = YES;
				ONLY_ACTIVE_ARCH = YES;
				SDKROOT = iphoneos;
				SWIFT_ACTIVE_COMPILATION_CONDITIONS = "DEBUG $(inherited)";
				SWIFT_OPTIMIZATION_LEVEL = "-Onone";
			};
			name = Debug;
		};
		916C6E412F762F76003BD028 /* Release */ = {
			isa = XCBuildConfiguration;
			buildSettings = {
				ALWAYS_SEARCH_USER_PATHS = NO;
				ASSETCATALOG_COMPILER_GENERATE_SWIFT_ASSET_SYMBOL_EXTENSIONS = YES;
				CLANG_ANALYZER_LOCALIZABILITY_NONLOCALIZED = YES;
				CLANG_ANALYZER_NONNULL = YES;
				CLANG_ANALYZER_NUMBER_OBJECT_CONVERSION = YES_AGGRESSIVE;
				CLANG_CXX_LANGUAGE_STANDARD = "gnu++20";
				CLANG_ENABLE_MODULES = YES;
				CLANG_ENABLE_OBJC_ARC = YES;
				CLANG_ENABLE_OBJC_WEAK = YES;
				CLANG_WARN_BLOCK_CAPTURE_AUTORELEASING = YES;
				CLANG_WARN_BOOL_CONVERSION = YES;
				CLANG_WARN_COMMA = YES;
				CLANG_WARN_CONSTANT_CONVERSION = YES;
				CLANG_WARN_DEPRECATED_OBJC_IMPLEMENTATIONS = YES;
				CLANG_WARN_DIRECT_OBJC_ISA_USAGE = YES_ERROR;
				CLANG_WARN_DOCUMENTATION_COMMENTS = YES;
				CLANG_WARN_EMPTY_BODY = YES;
				CLANG_WARN_ENUM_CONVERSION = YES;
				CLANG_WARN_INFINITE_RECURSION = YES;
				CLANG_WARN_INT_CONVERSION = YES;
				CLANG_WARN_NON_LITERAL_NULL_CONVERSION = YES;
				CLANG_WARN_OBJC_IMPLICIT_RETAIN_SELF = YES;
				CLANG_WARN_OBJC_LITERAL_CONVERSION = YES;
				CLANG_WARN_OBJC_ROOT_CLASS = YES_ERROR;
				CLANG_WARN_QUOTED_INCLUDE_IN_FRAMEWORK_HEADER = YES;
				CLANG_WARN_RANGE_LOOP_ANALYSIS = YES;
				CLANG_WARN_STRICT_PROTOTYPES = YES;
				CLANG_WARN_SUSPICIOUS_MOVE = YES;
				CLANG_WARN_UNGUARDED_AVAILABILITY = YES_AGGRESSIVE;
				CLANG_WARN_UNREACHABLE_CODE = YES;
				CLANG_WARN__DUPLICATE_METHOD_MATCH = YES;
				COPY_PHASE_STRIP = NO;
				DEBUG_INFORMATION_FORMAT = "dwarf-with-dsym";
				DEVELOPMENT_TEAM = WDE622528T;
				ENABLE_NS_ASSERTIONS = NO;
				ENABLE_STRICT_OBJC_MSGSEND = YES;
				ENABLE_USER_SCRIPT_SANDBOXING = YES;
				GCC_C_LANGUAGE_STANDARD = gnu17;
				GCC_NO_COMMON_BLOCKS = YES;
				GCC_WARN_64_TO_32_BIT_CONVERSION = YES;
				GCC_WARN_ABOUT_RETURN_TYPE = YES_ERROR;
				GCC_WARN_UNDECLARED_SELECTOR = YES;
				GCC_WARN_UNINITIALIZED_AUTOS = YES_AGGRESSIVE;
				GCC_WARN_UNUSED_FUNCTION = YES;
				GCC_WARN_UNUSED_VARIABLE = YES;
				IPHONEOS_DEPLOYMENT_TARGET = 26.2;
				LOCALIZATION_PREFERS_STRING_CATALOGS = YES;
				MTL_ENABLE_DEBUG_INFO = NO;
				MTL_FAST_MATH = YES;
				SDKROOT = iphoneos;
				SWIFT_COMPILATION_MODE = wholemodule;
				VALIDATE_PRODUCT = YES;
			};
			name = Release;
		};
		916C6E432F762F76003BD028 /* Debug */ = {
			isa = XCBuildConfiguration;
			baseConfigurationReference = 33D4EB592376BACBE5C3364F /* Pods-IOSTemplate.debug.xcconfig */;
			buildSettings = {
				ASSETCATALOG_COMPILER_APPICON_NAME = AppIcon;
				ASSETCATALOG_COMPILER_GLOBAL_ACCENT_COLOR_NAME = AccentColor;
				CODE_SIGN_ENTITLEMENTS = IOSTemplate/IOSTemplate.entitlements;
				CODE_SIGN_STYLE = Automatic;
				CURRENT_PROJECT_VERSION = 100;
				DEVELOPMENT_TEAM = WDE622528T;
				ENABLE_PREVIEWS = YES;
				ENABLE_USER_SCRIPT_SANDBOXING = NO;
				GCC_PREPROCESSOR_DEFINITIONS = (
					"$(inherited)",
					"COCOAPODS=1",
					"UMENG_ENABLE=1",
					"SCHEMA_VERSION_0=1",
				);
				GENERATE_INFOPLIST_FILE = YES;
				INFOPLIST_FILE = IOSTemplate/Info.plist;
				INFOPLIST_KEY_CFBundleDisplayName = "iOS工程模板";
				INFOPLIST_KEY_NSCameraUsageDescription = "IOSTemplate需要您的同意，才能访问相机来通过拍照和客服交流";
				INFOPLIST_KEY_NSLocationAlwaysAndWhenInUseUsageDescription = "IOSTemplate需要您的同意，才能在使用期间始终访问位置";
				INFOPLIST_KEY_NSLocationWhenInUseUsageDescription = "IOSTemplate需要您的同意，才能在使用期间访问位置";
				INFOPLIST_KEY_NSPhotoLibraryAddUsageDescription = "IOSTemplate需要您的同意，才能保存照片到相册";
				INFOPLIST_KEY_NSPhotoLibraryUsageDescription = "IOSTemplate需要您的同意，才能访问相册来通过照片和客服交流";
				INFOPLIST_KEY_UIApplicationSceneManifest_Generation = YES;
				INFOPLIST_KEY_UIApplicationSupportsIndirectInputEvents = YES;
				INFOPLIST_KEY_UILaunchScreen_Generation = YES;
				INFOPLIST_KEY_UISupportedInterfaceOrientations = UIInterfaceOrientationPortrait;
				INFOPLIST_KEY_UISupportedInterfaceOrientations_iPad = "UIInterfaceOrientationLandscapeLeft UIInterfaceOrientationLandscapeRight UIInterfaceOrientationPortrait UIInterfaceOrientationPortraitUpsideDown";
				IPHONEOS_DEPLOYMENT_TARGET = 16.0;
				LD_RUNPATH_SEARCH_PATHS = (
					"$(inherited)",
					"@executable_path/Frameworks",
				);
				MARKETING_VERSION = 1.0.0;
				OTHER_SWIFT_FLAGS = "$(inherited) -D COCOAPODS -DUMENG_ENABLE -DSCHEMA_VERSION_0";
				PRODUCT_BUNDLE_IDENTIFIER = com.willscurated.iostemplate;
				PRODUCT_NAME = "$(TARGET_NAME)";
				STRING_CATALOG_GENERATE_SYMBOLS = YES;
				SUPPORTED_PLATFORMS = "iphoneos iphonesimulator";
				SUPPORTS_MACCATALYST = NO;
				SUPPORTS_MAC_DESIGNED_FOR_IPHONE_IPAD = NO;
				SUPPORTS_XR_DESIGNED_FOR_IPHONE_IPAD = NO;
				SWIFT_APPROACHABLE_CONCURRENCY = YES;
				SWIFT_DEFAULT_ACTOR_ISOLATION = nonisolated;
				SWIFT_EMIT_LOC_STRINGS = YES;
				SWIFT_OBJC_BRIDGING_HEADER = "$(SRCROOT)/$(PROJECT_NAME)/IOSTemplate-Bridging-Header.h";
				SWIFT_UPCOMING_FEATURE_MEMBER_IMPORT_VISIBILITY = YES;
				SWIFT_VERSION = 5.0;
				TARGETED_DEVICE_FAMILY = 1;
			};
			name = Debug;
		};
		916C6E442F762F76003BD028 /* Release */ = {
			isa = XCBuildConfiguration;
			baseConfigurationReference = 9E229347FF0DEE1D196F7DD4 /* Pods-IOSTemplate.release.xcconfig */;
			buildSettings = {
				ASSETCATALOG_COMPILER_APPICON_NAME = AppIcon;
				ASSETCATALOG_COMPILER_GLOBAL_ACCENT_COLOR_NAME = AccentColor;
				CODE_SIGN_ENTITLEMENTS = IOSTemplate/IOSTemplate.entitlements;
				CODE_SIGN_STYLE = Automatic;
				CURRENT_PROJECT_VERSION = 100;
				DEVELOPMENT_TEAM = WDE622528T;
				ENABLE_PREVIEWS = YES;
				ENABLE_USER_SCRIPT_SANDBOXING = NO;
				GCC_PREPROCESSOR_DEFINITIONS = (
					"$(inherited)",
					"COCOAPODS=1",
					"UMENG_ENABLE=1",
					"SCHEMA_VERSION_0=1",
				);
				GENERATE_INFOPLIST_FILE = YES;
				INFOPLIST_FILE = IOSTemplate/Info.plist;
				INFOPLIST_KEY_CFBundleDisplayName = "iOS工程模板";
				INFOPLIST_KEY_NSCameraUsageDescription = "IOSTemplate需要您的同意，才能访问相机来通过拍照和客服交流";
				INFOPLIST_KEY_NSLocationAlwaysAndWhenInUseUsageDescription = "IOSTemplate需要您的同意，才能在使用期间始终访问位置";
				INFOPLIST_KEY_NSLocationWhenInUseUsageDescription = "IOSTemplate需要您的同意，才能在使用期间访问位置";
				INFOPLIST_KEY_NSPhotoLibraryAddUsageDescription = "IOSTemplate需要您的同意，才能保存照片到相册";
				INFOPLIST_KEY_NSPhotoLibraryUsageDescription = "IOSTemplate需要您的同意，才能访问相册来通过照片和客服交流";
				INFOPLIST_KEY_UIApplicationSceneManifest_Generation = YES;
				INFOPLIST_KEY_UIApplicationSupportsIndirectInputEvents = YES;
				INFOPLIST_KEY_UILaunchScreen_Generation = YES;
				INFOPLIST_KEY_UISupportedInterfaceOrientations = UIInterfaceOrientationPortrait;
				INFOPLIST_KEY_UISupportedInterfaceOrientations_iPad = "UIInterfaceOrientationLandscapeLeft UIInterfaceOrientationLandscapeRight UIInterfaceOrientationPortrait UIInterfaceOrientationPortraitUpsideDown";
				IPHONEOS_DEPLOYMENT_TARGET = 16.0;
				LD_RUNPATH_SEARCH_PATHS = (
					"$(inherited)",
					"@executable_path/Frameworks",
				);
				MARKETING_VERSION = 1.0.0;
				OTHER_SWIFT_FLAGS = "$(inherited) -D COCOAPODS -DUMENG_ENABLE -DSCHEMA_VERSION_0";
				PRODUCT_BUNDLE_IDENTIFIER = com.willscurated.iostemplate;
				PRODUCT_NAME = "$(TARGET_NAME)";
				STRING_CATALOG_GENERATE_SYMBOLS = YES;
				SUPPORTED_PLATFORMS = "iphoneos iphonesimulator";
				SUPPORTS_MACCATALYST = NO;
				SUPPORTS_MAC_DESIGNED_FOR_IPHONE_IPAD = NO;
				SUPPORTS_XR_DESIGNED_FOR_IPHONE_IPAD = NO;
				SWIFT_APPROACHABLE_CONCURRENCY = YES;
				SWIFT_DEFAULT_ACTOR_ISOLATION = nonisolated;
				SWIFT_EMIT_LOC_STRINGS = YES;
				SWIFT_OBJC_BRIDGING_HEADER = "$(SRCROOT)/$(PROJECT_NAME)/IOSTemplate-Bridging-Header.h";
				SWIFT_UPCOMING_FEATURE_MEMBER_IMPORT_VISIBILITY = YES;
				SWIFT_VERSION = 5.0;
				TARGETED_DEVICE_FAMILY = 1;
			};
			name = Release;
		};
/* End XCBuildConfiguration section */

/* Begin XCConfigurationList section */
		916C6E322F762F74003BD028 /* Build configuration list for PBXProject "IOSTemplate" */ = {
			isa = XCConfigurationList;
			buildConfigurations = (
				916C6E402F762F76003BD028 /* Debug */,
				916C6E412F762F76003BD028 /* Release */,
			);
			defaultConfigurationIsVisible = 0;
			defaultConfigurationName = Release;
		};
		916C6E422F762F76003BD028 /* Build configuration list for PBXNativeTarget "IOSTemplate" */ = {
			isa = XCConfigurationList;
			buildConfigurations = (
				916C6E432F762F76003BD028 /* Debug */,
				916C6E442F762F76003BD028 /* Release */,
			);
			defaultConfigurationIsVisible = 0;
			defaultConfigurationName = Release;
		};
/* End XCConfigurationList section */

/* Begin XCRemoteSwiftPackageReference section */
		916C6E572F76308F003BD028 /* XCRemoteSwiftPackageReference "swift-composable-architecture" */ = {
			isa = XCRemoteSwiftPackageReference;
			repositoryURL = "https://github.com/pointfreeco/swift-composable-architecture";
			requirement = {
				kind = exactVersion;
				version = 1.25.2;
			};
		};
/* End XCRemoteSwiftPackageReference section */

/* Begin XCSwiftPackageProductDependency section */
		916C6E582F76308F003BD028 /* ComposableArchitecture */ = {
			isa = XCSwiftPackageProductDependency;
			package = 916C6E572F76308F003BD028 /* XCRemoteSwiftPackageReference "swift-composable-architecture" */;
			productName = ComposableArchitecture;
		};
/* End XCSwiftPackageProductDependency section */
	};
	rootObject = 916C6E2F2F762F74003BD028 /* Project object */;
}
